
Microsoft Visual Studio Solution File, Format Version 12.00
# Visual Studio Version 16
VisualStudioVersion = 16.0.31321.278
MinimumVisualStudioVersion = 10.0.40219.1
Project("{FAE04EC0-301F-11D3-BF4B-00C04F79EFBC}") = "WpfAppStart", "WpfAppStart\WpfAppStart.csproj", "{32C36A3A-C21F-47B6-BA7E-A3558C602886}"
EndProject
Project("{FAE04EC0-301F-11D3-BF4B-00C04F79EFBC}") = "WpfAppStartTests", "WpfAppStartTests\WpfAppStartTests.csproj", "{FE28973B-BCE6-4D75-B798-076989F66A0E}"
EndProject
Global
	GlobalSection(SolutionConfigurationPlatforms) = preSolution
		Debug|Any CPU = Debug|Any CPU
		Release|Any CPU = Release|Any CPU
	EndGlobalSection
	GlobalSection(ProjectConfigurationPlatforms) = postSolution
		{32C36A3A-C21F-47B6-BA7E-A3558C602886}.Debug|Any CPU.ActiveCfg = Debug|Any CPU
		{32C36A3A-C21F-47B6-BA7E-A3558C602886}.Debug|Any CPU.Build.0 = Debug|Any CPU
		{32C36A3A-C21F-47B6-BA7E-A3558C602886}.Release|Any CPU.ActiveCfg = Release|Any CPU
		{32C36A3A-C21F-47B6-BA7E-A3558C602886}.Release|Any CPU.Build.0 = Release|Any CPU
		{FE28973B-BCE6-4D75-B798-076989F66A0E}.Debug|Any CPU.ActiveCfg = Debug|Any CPU
		{FE28973B-BCE6-4D75-B798-076989F66A0E}.Debug|Any CPU.Build.0 = Debug|Any CPU
		{FE28973B-BCE6-4D75-B798-076989F66A0E}.Release|Any CPU.ActiveCfg = Release|Any CPU
		{FE28973B-BCE6-4D75-B798-076989F66A0E}.Release|Any CPU.Build.0 = Release|Any CPU
	EndGlobalSection
	GlobalSection(SolutionProperties) = preSolution
		HideSolutionNode = FALSE
	EndGlobalSection
	GlobalSection(ExtensibilityGlobals) = postSolution
		SolutionGuid = {8F5B5476-5D02-4ED1-8757-38CF65DDAE4A}
	EndGlobalSection
EndGlobal
